
Microsoft Visual Studio Solution File, Format Version 12.00
# Visual Studio Version 17
VisualStudioVersion = 17.7.34024.191
MinimumVisualStudioVersion = 10.0.40219.1
Project("{FAE04EC0-301F-11D3-BF4B-00C04F79EFBC}") = "BITCollege_RU", "BITCollege_RU.csproj", "{046D65BD-3E41-4562-8C84-2FD2BAA274A9}"
EndProject
Project("{FAE04EC0-301F-11D3-BF4B-00C04F79EFBC}") = "Utility", "..\Assignment01\Utility\Utility.csproj", "{39EE02E5-5786-4C05-BE13-A9CCA941F3A8}"
EndProject
Project("{FAE04EC0-301F-11D3-BF4B-00C04F79EFBC}") = "BITCollegeService", "..\BITCollegeService\BITCollegeService.csproj", "{6E8FCC44-41DC-4750-8231-7D3992AA708D}"
EndProject
Global
	GlobalSection(SolutionConfigurationPlatforms) = preSolution
		Debug|Any CPU = Debug|Any CPU
		Release|Any CPU = Release|Any CPU
	EndGlobalSection
	GlobalSection(ProjectConfigurationPlatforms) = postSolution
		{046D65BD-3E41-4562-8C84-2FD2BAA274A9}.Debug|Any CPU.ActiveCfg = Debug|Any CPU
		{046D65BD-3E41-4562-8C84-2FD2BAA274A9}.Debug|Any CPU.Build.0 = Debug|Any CPU
		{046D65BD-3E41-4562-8C84-2FD2BAA274A9}.Release|Any CPU.ActiveCfg = Release|Any CPU
		{046D65BD-3E41-4562-8C84-2FD2BAA274A9}.Release|Any CPU.Build.0 = Release|Any CPU
		{39EE02E5-5786-4C05-BE13-A9CCA941F3A8}.Debug|Any CPU.ActiveCfg = Debug|Any CPU
		{39EE02E5-5786-4C05-BE13-A9CCA941F3A8}.Debug|Any CPU.Build.0 = Debug|Any CPU
		{39EE02E5-5786-4C05-BE13-A9CCA941F3A8}.Release|Any CPU.ActiveCfg = Release|Any CPU
		{39EE02E5-5786-4C05-BE13-A9CCA941F3A8}.Release|Any CPU.Build.0 = Release|Any CPU
		{6E8FCC44-41DC-4750-8231-7D3992AA708D}.Debug|Any CPU.ActiveCfg = Debug|Any CPU
		{6E8FCC44-41DC-4750-8231-7D3992AA708D}.Debug|Any CPU.Build.0 = Debug|Any CPU
		{6E8FCC44-41DC-4750-8231-7D3992AA708D}.Release|Any CPU.ActiveCfg = Release|Any CPU
		{6E8FCC44-41DC-4750-8231-7D3992AA708D}.Release|Any CPU.Build.0 = Release|Any CPU
	EndGlobalSection
	GlobalSection(SolutionProperties) = preSolution
		HideSolutionNode = FALSE
	EndGlobalSection
	GlobalSection(ExtensibilityGlobals) = postSolution
		SolutionGuid = {73949B7E-6036-42AD-A71D-930EAAEAA408}
	EndGlobalSection
EndGlobal
